
Microsoft Visual Studio Solution File, Format Version 12.00
# Visual Studio Version 16
VisualStudioVersion = 16.0.31205.134
MinimumVisualStudioVersion = 10.0.40219.1
Project("{FAE04EC0-301F-11D3-BF4B-00C04F79EFBC}") = "EmployeePayrollService", "EmployeePayrollService\EmployeePayrollService.csproj", "{E5E7397B-877E-4842-970B-55CA99E17F08}"
EndProject
Project("{FAE04EC0-301F-11D3-BF4B-00C04F79EFBC}") = "EmployeePayrollServiceRestSharp", "EmployeePayrollServiceRestSharp\EmployeePayrollServiceRestSharp.csproj", "{05CED4EA-21E4-4616-A314-BB40D2538E3D}"
EndProject
Project("{FAE04EC0-301F-11D3-BF4B-00C04F79EFBC}") = "EmployeeTest", "EmployeeTest\EmployeeTest.csproj", "{5B7E8376-9018-4D42-B342-A35686E16D28}"
EndProject
Global
	GlobalSection(SolutionConfigurationPlatforms) = preSolution
		Debug|Any CPU = Debug|Any CPU
		Release|Any CPU = Release|Any CPU
	EndGlobalSection
	GlobalSection(ProjectConfigurationPlatforms) = postSolution
		{E5E7397B-877E-4842-970B-55CA99E17F08}.Debug|Any CPU.ActiveCfg = Debug|Any CPU
		{E5E7397B-877E-4842-970B-55CA99E17F08}.Debug|Any CPU.Build.0 = Debug|Any CPU
		{E5E7397B-877E-4842-970B-55CA99E17F08}.Release|Any CPU.ActiveCfg = Release|Any CPU
		{E5E7397B-877E-4842-970B-55CA99E17F08}.Release|Any CPU.Build.0 = Release|Any CPU
		{05CED4EA-21E4-4616-A314-BB40D2538E3D}.Debug|Any CPU.ActiveCfg = Debug|Any CPU
		{05CED4EA-21E4-4616-A314-BB40D2538E3D}.Debug|Any CPU.Build.0 = Debug|Any CPU
		{05CED4EA-21E4-4616-A314-BB40D2538E3D}.Release|Any CPU.ActiveCfg = Release|Any CPU
		{05CED4EA-21E4-4616-A314-BB40D2538E3D}.Release|Any CPU.Build.0 = Release|Any CPU
		{5B7E8376-9018-4D42-B342-A35686E16D28}.Debug|Any CPU.ActiveCfg = Debug|Any CPU
		{5B7E8376-9018-4D42-B342-A35686E16D28}.Debug|Any CPU.Build.0 = Debug|Any CPU
		{5B7E8376-9018-4D42-B342-A35686E16D28}.Release|Any CPU.ActiveCfg = Release|Any CPU
		{5B7E8376-9018-4D42-B342-A35686E16D28}.Release|Any CPU.Build.0 = Release|Any CPU
	EndGlobalSection
	GlobalSection(SolutionProperties) = preSolution
		HideSolutionNode = FALSE
	EndGlobalSection
	GlobalSection(ExtensibilityGlobals) = postSolution
		SolutionGuid = {BF63E648-A741-4BF2-9742-19BC5156329C}
	EndGlobalSection
EndGlobal
